{
  "name": "book_exe",
  "lockfileVersion": 3,
  "requires": true,
  "packages": {
    "": {
      "dependencies": {
        "html2pdf.js": "^0.12.1"
      }
    },
    "node_modules/@babel/runtime": {
      "version": "7.28.4",
      "license": "MIT",
      "engines": {
        "node": ">=6.9.0"
      }
    },
    "node_modules/@types/pako": {
      "version": "2.0.4",
      "license": "MIT"
    },
    "node_modules/@types/raf": {
      "version": "3.4.3",
      "license": "MIT",
      "optional": true
    },
    "node_modules/@types/trusted-types": {
      "version": "2.0.7",
      "license": "MIT",
      "optional": true
    },
    "node_modules/base64-arraybuffer": {
      "version": "1.0.2",
      "license": "MIT",
      "engines": {
        "node": ">= 0.6.0"
      }
    },
    "node_modules/canvg": {
      "version": "3.0.11",
      "license": "MIT",
      "optional": true,
      "dependencies": {
        "@babel/runtime": "^7.12.5",
        "@types/raf": "^3.4.0",
        "core-js": "^3.8.3",
        "raf": "^3.4.1",
        "regenerator-runtime": "^0.13.7",
        "rgbcolor": "^1.0.1",
        "stackblur-canvas": "^2.0.0",
        "svg-pathdata": "^6.0.3"
      },
      "engines": {
        "node": ">=10.0.0"
      }
    },
    "node_modules/core-js": {
      "version": "3.47.0",
      "hasInstallScript": true,
      "license": "MIT",
      "optional": true,
      "funding": {
        "type": "opencollective",
        "url": "https://opencollective.com/core-js"
      }
    },
    "node_modules/css-line-break": {
      "version": "2.1.0",
      "license": "MIT",
      "dependencies": {
        "utrie": "^1.0.2"
      }
    },
    "node_modules/html2canvas": {
      "version": "1.4.1",
      "license": "MIT",
      "dependencies": {
        "css-line-break": "^2.1.0",
        "text-segmentation": "^1.0.3"
      },
      "engines": {
        "node": ">=8.0.0"
      }
    },
    "node_modules/html2pdf.js": {
      "version": "0.12.1",
      "resolved": "https://registry.npmjs.org/html2pdf.js/-/html2pdf.js-0.12.1.tgz",
      "integrity": "sha512-3rBWQ96H5oOU9jtoz3MnE/epGi27ig9h8aonBk4JTpvUERM3lMRxhIRckhJZEi4wE0YfRINoYOIDY0hLY0CHgQ==",
      "license": "MIT",
      "dependencies": {
        "html2canvas": "^1.0.0",
        "jspdf": "^3.0.0"
      }
    },
    "node_modules/iobuffer": {
      "version": "5.4.0",
      "license": "MIT"
    },
    "node_modules/jspdf": {
      "version": "3.0.4",
      "resolved": "https://registry.npmjs.org/jspdf/-/jspdf-3.0.4.tgz",
      "integrity": "sha512-dc6oQ8y37rRcHn316s4ngz/nOjayLF/FFxBF4V9zamQKRqXxyiH1zagkCdktdWhtoQId5K20xt1lB90XzkB+hQ==",
      "license": "MIT",
      "dependencies": {
        "@babel/runtime": "^7.28.4",
        "fast-png": "^6.2.0",
        "fflate": "^0.8.1"
      },
      "optionalDependencies": {
        "canvg": "^3.0.11",
        "core-js": "^3.6.0",
        "dompurify": "^3.2.4",
        "html2canvas": "^1.0.0-rc.5"
      }
    },
    "node_modules/jspdf/node_modules/dompurify": {
      "version": "3.3.0",
      "resolved": "https://registry.npmjs.org/dompurify/-/dompurify-3.3.0.tgz",
      "integrity": "sha512-r+f6MYR1gGN1eJv0TVQbhA7if/U7P87cdPl3HN5rikqaBSBxLiCb/b9O+2eG0cxz0ghyU+mU1QkbsOwERMYlWQ==",
      "license": "(MPL-2.0 OR Apache-2.0)",
      "optional": true,
      "optionalDependencies": {
        "@types/trusted-types": "^2.0.7"
      }
    },
    "node_modules/jspdf/node_modules/fast-png": {
      "version": "6.4.0",
      "resolved": "https://registry.npmjs.org/fast-png/-/fast-png-6.4.0.tgz",
      "integrity": "sha512-kAqZq1TlgBjZcLr5mcN6NP5Rv4V2f22z00c3g8vRrwkcqjerx7BEhPbOnWCPqaHUl2XWQBJQvOT/FQhdMT7X/Q==",
      "license": "MIT",
      "dependencies": {
        "@types/pako": "^2.0.3",
        "iobuffer": "^5.3.2",
        "pako": "^2.1.0"
      }
    },
    "node_modules/jspdf/node_modules/fflate": {
      "version": "0.8.2",
      "resolved": "https://registry.npmjs.org/fflate/-/fflate-0.8.2.tgz",
      "integrity": "sha512-cPJU47OaAoCbg0pBvzsgpTPhmhqI5eJjh/JIu8tPj5q+T7iLvW/JAYUqmE7KOB4R1ZyEhzBaIQpQpardBF5z8A==",
      "license": "MIT"
    },
    "node_modules/pako": {
      "version": "2.1.0",
      "license": "(MIT AND Zlib)"
    },
    "node_modules/performance-now": {
      "version": "2.1.0",
      "license": "MIT",
      "optional": true
    },
    "node_modules/raf": {
      "version": "3.4.1",
      "license": "MIT",
      "optional": true,
      "dependencies": {
        "performance-now": "^2.1.0"
      }
    },
    "node_modules/regenerator-runtime": {
      "optional": true
    },
    "node_modules/rgbcolor": {
      "version": "1.0.1",
      "license": "MIT OR SEE LICENSE IN FEEL-FREE.md",
      "optional": true,
      "engines": {
        "node": ">= 0.8.15"
      }
    },
    "node_modules/stackblur-canvas": {
      "optional": true
    },
    "node_modules/svg-pathdata": {
      "version": "6.0.3",
      "license": "MIT",
      "optional": true,
      "engines": {
        "node": ">=12.0.0"
      }
    },
    "node_modules/text-segmentation": {
      "version": "1.0.3",
      "license": "MIT",
      "dependencies": {
        "utrie": "^1.0.2"
      }
    },
    "node_modules/utrie": {
      "version": "1.0.2",
      "license": "MIT",
      "dependencies": {
        "base64-arraybuffer": "^1.0.2"
      }
    }
  }
}
